
Microsoft Visual Studio Solution File, Format Version 12.00
# Visual Studio Version 17
VisualStudioVersion = 17.7.34024.191
MinimumVisualStudioVersion = 10.0.40219.1
Project("{FAE04EC0-301F-11D3-BF4B-00C04F79EFBC}") = "Coursework2", "Coursework2\Coursework2.csproj", "{3F95919D-3F12-4FA1-B8D0-D2B9386E64C5}"
EndProject
Global
	GlobalSection(SolutionConfigurationPlatforms) = preSolution
		Debug|Any CPU = Debug|Any CPU
		Release|Any CPU = Release|Any CPU
	EndGlobalSection
	GlobalSection(ProjectConfigurationPlatforms) = postSolution
		{3F95919D-3F12-4FA1-B8D0-D2B9386E64C5}.Debug|Any CPU.ActiveCfg = Debug|Any CPU
		{3F95919D-3F12-4FA1-B8D0-D2B9386E64C5}.Debug|Any CPU.Build.0 = Debug|Any CPU
		{3F95919D-3F12-4FA1-B8D0-D2B9386E64C5}.Release|Any CPU.ActiveCfg = Release|Any CPU
		{3F95919D-3F12-4FA1-B8D0-D2B9386E64C5}.Release|Any CPU.Build.0 = Release|Any CPU
	EndGlobalSection
	GlobalSection(SolutionProperties) = preSolution
		HideSolutionNode = FALSE
	EndGlobalSection
	GlobalSection(ExtensibilityGlobals) = postSolution
		SolutionGuid = {1242A9CC-9085-495C-84C2-73C745922B47}
	EndGlobalSection
EndGlobal
